// !$*UTF8*$!
{
	archiveVersion = 1;
	classes = {
	};
	objectVersion = 56;
	objects = {

/* Begin PBXBuildFile section */
		4312F1FF2BDB6A3A006C4E4A /* HabitHustleApp.swift in Sources */ = {isa = PBXBuildFile; fileRef = 4312F1FE2BDB6A3A006C4E4A /* HabitHustleApp.swift */; };
		4312F2012BDB6A3A006C4E4A /* MainTabView.swift in Sources */ = {isa = PBXBuildFile; fileRef = 4312F2002BDB6A3A006C4E4A /* MainTabView.swift */; };
		4312F2032BDB6A3D006C4E4A /* Assets.xcassets in Resources */ = {isa = PBXBuildFile; fileRef = 4312F2022BDB6A3D006C4E4A /* Assets.xcassets */; };
		4312F2062BDB6A3D006C4E4A /* Preview Assets.xcassets in Resources */ = {isa = PBXBuildFile; fileRef = 4312F2052BDB6A3D006C4E4A /* Preview Assets.xcassets */; };
		4312F2102BDB6A3D006C4E4A /* HabitHustleTests.swift in Sources */ = {isa = PBXBuildFile; fileRef = 4312F20F2BDB6A3D006C4E4A /* HabitHustleTests.swift */; };
		4312F21A2BDB6A3D006C4E4A /* HabitHustleUITests.swift in Sources */ = {isa = PBXBuildFile; fileRef = 4312F2192BDB6A3D006C4E4A /* HabitHustleUITests.swift */; };
		4312F21C2BDB6A3D006C4E4A /* HabitHustleUITestsLaunchTests.swift in Sources */ = {isa = PBXBuildFile; fileRef = 4312F21B2BDB6A3D006C4E4A /* HabitHustleUITestsLaunchTests.swift */; };
		4312F22E2BDB6C5B006C4E4A /* HomeView.swift in Sources */ = {isa = PBXBuildFile; fileRef = 4312F22D2BDB6C5B006C4E4A /* HomeView.swift */; };
		4312F2302BDB6E50006C4E4A /* ProfileView.swift in Sources */ = {isa = PBXBuildFile; fileRef = 4312F22F2BDB6E50006C4E4A /* ProfileView.swift */; };
		4312F2322BDB6E5F006C4E4A /* CommunityView.swift in Sources */ = {isa = PBXBuildFile; fileRef = 4312F2312BDB6E5F006C4E4A /* CommunityView.swift */; };
		4312F2362BDB703C006C4E4A /* CourseView.swift in Sources */ = {isa = PBXBuildFile; fileRef = 4312F2352BDB703C006C4E4A /* CourseView.swift */; };
/* End PBXBuildFile section */

/* Begin PBXContainerItemProxy section */
		4312F20C2BDB6A3D006C4E4A /* PBXContainerItemProxy */ = {
			isa = PBXContainerItemProxy;
			containerPortal = 4312F1F32BDB6A3A006C4E4A /* Project object */;
			proxyType = 1;
			remoteGlobalIDString = 4312F1FA2BDB6A3A006C4E4A;
			remoteInfo = HabitHustle;
		};
		4312F2162BDB6A3D006C4E4A /* PBXContainerItemProxy */ = {
			isa = PBXContainerItemProxy;
			containerPortal = 4312F1F32BDB6A3A006C4E4A /* Project object */;
			proxyType = 1;
			remoteGlobalIDString = 4312F1FA2BDB6A3A006C4E4A;
			remoteInfo = HabitHustle;
		};
/* End PBXContainerItemProxy section */

/* Begin PBXFileReference section */
		4312F1FB2BDB6A3A006C4E4A /* HabitHustle.app */ = {isa = PBXFileReference; explicitFileType = wrapper.application; includeInIndex = 0; path = HabitHustle.app; sourceTree = BUILT_PRODUCTS_DIR; };
		4312F1FE2BDB6A3A006C4E4A /* HabitHustleApp.swift */ = {isa = PBXFileReference; lastKnownFileType = sourcecode.swift; path = HabitHustleApp.swift; sourceTree = "<group>"; };
		4312F2002BDB6A3A006C4E4A /* MainTabView.swift */ = {isa = PBXFileReference; lastKnownFileType = sourcecode.swift; path = MainTabView.swift; sourceTree = "<group>"; };
		4312F2022BDB6A3D006C4E4A /* Assets.xcassets */ = {isa = PBXFileReference; lastKnownFileType = folder.assetcatalog; path = Assets.xcassets; sourceTree = "<group>"; };
		4312F2052BDB6A3D006C4E4A /* Preview Assets.xcassets */ = {isa = PBXFileReference; lastKnownFileType = folder.assetcatalog; path = "Preview Assets.xcassets"; sourceTree = "<group>"; };
		4312F20B2BDB6A3D006C4E4A /* HabitHustleTests.xctest */ = {isa = PBXFileReference; explicitFileType = wrapper.cfbundle; includeInIndex = 0; path = HabitHustleTests.xctest; sourceTree = BUILT_PRODUCTS_DIR; };
		4312F20F2BDB6A3D006C4E4A /* HabitHustleTests.swift */ = {isa = PBXFileReference; lastKnownFileType = sourcecode.swift; path = HabitHustleTests.swift; sourceTree = "<group>"; };
		4312F2152BDB6A3D006C4E4A /* HabitHustleUITests.xctest */ = {isa = PBXFileReference; explicitFileType = wrapper.cfbundle; includeInIndex = 0; path = HabitHustleUITests.xctest; sourceTree = BUILT_PRODUCTS_DIR; };
		4312F2192BDB6A3D006C4E4A /* HabitHustleUITests.swift */ = {isa = PBXFileReference; lastKnownFileType = sourcecode.swift; path = HabitHustleUITests.swift; sourceTree = "<group>"; };
		4312F21B2BDB6A3D006C4E4A /* HabitHustleUITestsLaunchTests.swift */ = {isa = PBXFileReference; lastKnownFileType = sourcecode.swift; path = HabitHustleUITestsLaunchTests.swift; sourceTree = "<group>"; };
		4312F22D2BDB6C5B006C4E4A /* HomeView.swift */ = {isa = PBXFileReference; lastKnownFileType = sourcecode.swift; path = HomeView.swift; sourceTree = "<group>"; };
		4312F22F2BDB6E50006C4E4A /* ProfileView.swift */ = {isa = PBXFileReference; lastKnownFileType = sourcecode.swift; path = ProfileView.swift; sourceTree = "<group>"; };
		4312F2312BDB6E5F006C4E4A /* CommunityView.swift */ = {isa = PBXFileReference; lastKnownFileType = sourcecode.swift; path = CommunityView.swift; sourceTree = "<group>"; };
		4312F2352BDB703C006C4E4A /* CourseView.swift */ = {isa = PBXFileReference; lastKnownFileType = sourcecode.swift; path = CourseView.swift; sourceTree = "<group>"; };
/* End PBXFileReference section */

/* Begin PBXFrameworksBuildPhase section */
		4312F1F82BDB6A3A006C4E4A /* Frameworks */ = {
			isa = PBXFrameworksBuildPhase;
			buildActionMask = 2147483647;
			files = (
			);
			runOnlyForDeploymentPostprocessing = 0;
		};
		4312F2082BDB6A3D006C4E4A /* Frameworks */ = {
			isa = PBXFrameworksBuildPhase;
			buildActionMask = 2147483647;
			files = (
			);
			runOnlyForDeploymentPostprocessing = 0;
		};
		4312F2122BDB6A3D006C4E4A /* Frameworks */ = {
			isa = PBXFrameworksBuildPhase;
			buildActionMask = 2147483647;
			files = (
			);
			runOnlyForDeploymentPostprocessing = 0;
		};
/* End PBXFrameworksBuildPhase section */

/* Begin PBXGroup section */
		4312F1F22BDB6A3A006C4E4A = {
			isa = PBXGroup;
			children = (
				4312F1FD2BDB6A3A006C4E4A /* HabitHustle */,
				4312F20E2BDB6A3D006C4E4A /* HabitHustleTests */,
				4312F2182BDB6A3D006C4E4A /* HabitHustleUITests */,
				4312F1FC2BDB6A3A006C4E4A /* Products */,
			);
			sourceTree = "<group>";
		};
		4312F1FC2BDB6A3A006C4E4A /* Products */ = {
			isa = PBXGroup;
			children = (
				4312F1FB2BDB6A3A006C4E4A /* HabitHustle.app */,
				4312F20B2BDB6A3D006C4E4A /* HabitHustleTests.xctest */,
				4312F2152BDB6A3D006C4E4A /* HabitHustleUITests.xctest */,
			);
			name = Products;
			sourceTree = "<group>";
		};
		4312F1FD2BDB6A3A006C4E4A /* HabitHustle */ = {
			isa = PBXGroup;
			children = (
				4312F2282BDB6B83006C4E4A /* Models */,
				4312F22A2BDB6B90006C4E4A /* Screens */,
				4312F2292BDB6B8A006C4E4A /* Utils */,
				4312F22B2BDB6B94006C4E4A /* Views */,
				4312F1FE2BDB6A3A006C4E4A /* HabitHustleApp.swift */,
				4312F2022BDB6A3D006C4E4A /* Assets.xcassets */,
				4312F2042BDB6A3D006C4E4A /* Preview Content */,
			);
			path = HabitHustle;
			sourceTree = "<group>";
		};
		4312F2042BDB6A3D006C4E4A /* Preview Content */ = {
			isa = PBXGroup;
			children = (
				4312F2052BDB6A3D006C4E4A /* Preview Assets.xcassets */,
			);
			path = "Preview Content";
			sourceTree = "<group>";
		};
		4312F20E2BDB6A3D006C4E4A /* HabitHustleTests */ = {
			isa = PBXGroup;
			children = (
				4312F20F2BDB6A3D006C4E4A /* HabitHustleTests.swift */,
			);
			path = HabitHustleTests;
			sourceTree = "<group>";
		};
		4312F2182BDB6A3D006C4E4A /* HabitHustleUITests */ = {
			isa = PBXGroup;
			children = (
				4312F2192BDB6A3D006C4E4A /* HabitHustleUITests.swift */,
				4312F21B2BDB6A3D006C4E4A /* HabitHustleUITestsLaunchTests.swift */,
			);
			path = HabitHustleUITests;
			sourceTree = "<group>";
		};
		4312F2282BDB6B83006C4E4A /* Models */ = {
			isa = PBXGroup;
			children = (
			);
			path = Models;
			sourceTree = "<group>";
		};
		4312F2292BDB6B8A006C4E4A /* Utils */ = {
			isa = PBXGroup;
			children = (
			);
			path = Utils;
			sourceTree = "<group>";
		};
		4312F22A2BDB6B90006C4E4A /* Screens */ = {
			isa = PBXGroup;
			children = (
				4312F2002BDB6A3A006C4E4A /* MainTabView.swift */,
				4312F22D2BDB6C5B006C4E4A /* HomeView.swift */,
				4312F2352BDB703C006C4E4A /* CourseView.swift */,
				4312F2312BDB6E5F006C4E4A /* CommunityView.swift */,
				4312F22F2BDB6E50006C4E4A /* ProfileView.swift */,
			);
			path = Screens;
			sourceTree = "<group>";
		};
		4312F22B2BDB6B94006C4E4A /* Views */ = {
			isa = PBXGroup;
			children = (
			);
			path = Views;
			sourceTree = "<group>";
		};
/* End PBXGroup section */

/* Begin PBXNativeTarget section */
		4312F1FA2BDB6A3A006C4E4A /* HabitHustle */ = {
			isa = PBXNativeTarget;
			buildConfigurationList = 4312F21F2BDB6A3D006C4E4A /* Build configuration list for PBXNativeTarget "HabitHustle" */;
			buildPhases = (
				4312F1F72BDB6A3A006C4E4A /* Sources */,
				4312F1F82BDB6A3A006C4E4A /* Frameworks */,
				4312F1F92BDB6A3A006C4E4A /* Resources */,
			);
			buildRules = (
			);
			dependencies = (
			);
			name = HabitHustle;
			productName = HabitHustle;
			productReference = 4312F1FB2BDB6A3A006C4E4A /* HabitHustle.app */;
			productType = "com.apple.product-type.application";
		};
		4312F20A2BDB6A3D006C4E4A /* HabitHustleTests */ = {
			isa = PBXNativeTarget;
			buildConfigurationList = 4312F2222BDB6A3D006C4E4A /* Build configuration list for PBXNativeTarget "HabitHustleTests" */;
			buildPhases = (
				4312F2072BDB6A3D006C4E4A /* Sources */,
				4312F2082BDB6A3D006C4E4A /* Frameworks */,
				4312F2092BDB6A3D006C4E4A /* Resources */,
			);
			buildRules = (
			);
			dependencies = (
				4312F20D2BDB6A3D006C4E4A /* PBXTargetDependency */,
			);
			name = HabitHustleTests;
			productName = HabitHustleTests;
			productReference = 4312F20B2BDB6A3D006C4E4A /* HabitHustleTests.xctest */;
			productType = "com.apple.product-type.bundle.unit-test";
		};
		4312F2142BDB6A3D006C4E4A /* HabitHustleUITests */ = {
			isa = PBXNativeTarget;
			buildConfigurationList = 4312F2252BDB6A3D006C4E4A /* Build configuration list for PBXNativeTarget "HabitHustleUITests" */;
			buildPhases = (
				4312F2112BDB6A3D006C4E4A /* Sources */,
				4312F2122BDB6A3D006C4E4A /* Frameworks */,
				4312F2132BDB6A3D006C4E4A /* Resources */,
			);
			buildRules = (
			);
			dependencies = (
				4312F2172BDB6A3D006C4E4A /* PBXTargetDependency */,
			);
			name = HabitHustleUITests;
			productName = HabitHustleUITests;
			productReference = 4312F2152BDB6A3D006C4E4A /* HabitHustleUITests.xctest */;
			productType = "com.apple.product-type.bundle.ui-testing";
		};
/* End PBXNativeTarget section */

/* Begin PBXProject section */
		4312F1F32BDB6A3A006C4E4A /* Project object */ = {
			isa = PBXProject;
			attributes = {
				BuildIndependentTargetsInParallel = 1;
				LastSwiftUpdateCheck = 1530;
				LastUpgradeCheck = 1530;
				TargetAttributes = {
					4312F1FA2BDB6A3A006C4E4A = {
						CreatedOnToolsVersion = 15.3;
					};
					4312F20A2BDB6A3D006C4E4A = {
						CreatedOnToolsVersion = 15.3;
						TestTargetID = 4312F1FA2BDB6A3A006C4E4A;
					};
					4312F2142BDB6A3D006C4E4A = {
						CreatedOnToolsVersion = 15.3;
						TestTargetID = 4312F1FA2BDB6A3A006C4E4A;
					};
				};
			};
			buildConfigurationList = 4312F1F62BDB6A3A006C4E4A /* Build configuration list for PBXProject "HabitHustle" */;
			compatibilityVersion = "Xcode 14.0";
			developmentRegion = en;
			hasScannedForEncodings = 0;
			knownRegions = (
				en,
				Base,
			);
			mainGroup = 4312F1F22BDB6A3A006C4E4A;
			productRefGroup = 4312F1FC2BDB6A3A006C4E4A /* Products */;
			projectDirPath = "";
			projectRoot = "";
			targets = (
				4312F1FA2BDB6A3A006C4E4A /* HabitHustle */,
				4312F20A2BDB6A3D006C4E4A /* HabitHustleTests */,
				4312F2142BDB6A3D006C4E4A /* HabitHustleUITests */,
			);
		};
/* End PBXProject section */

/* Begin PBXResourcesBuildPhase section */
		4312F1F92BDB6A3A006C4E4A /* Resources */ = {
			isa = PBXResourcesBuildPhase;
			buildActionMask = 2147483647;
			files = (
				4312F2062BDB6A3D006C4E4A /* Preview Assets.xcassets in Resources */,
				4312F2032BDB6A3D006C4E4A /* Assets.xcassets in Resources */,
			);
			runOnlyForDeploymentPostprocessing = 0;
		};
		4312F2092BDB6A3D006C4E4A /* Resources */ = {
			isa = PBXResourcesBuildPhase;
			buildActionMask = 2147483647;
			files = (
			);
			runOnlyForDeploymentPostprocessing = 0;
		};
		4312F2132BDB6A3D006C4E4A /* Resources */ = {
			isa = PBXResourcesBuildPhase;
			buildActionMask = 2147483647;
			files = (
			);
			runOnlyForDeploymentPostprocessing = 0;
		};
/* End PBXResourcesBuildPhase section */

/* Begin PBXSourcesBuildPhase section */
		4312F1F72BDB6A3A006C4E4A /* Sources */ = {
			isa = PBXSourcesBuildPhase;
			buildActionMask = 2147483647;
			files = (
				4312F22E2BDB6C5B006C4E4A /* HomeView.swift in Sources */,
				4312F2302BDB6E50006C4E4A /* ProfileView.swift in Sources */,
				4312F2012BDB6A3A006C4E4A /* MainTabView.swift in Sources */,
				4312F2322BDB6E5F006C4E4A /* CommunityView.swift in Sources */,
				4312F1FF2BDB6A3A006C4E4A /* HabitHustleApp.swift in Sources */,
				4312F2362BDB703C006C4E4A /* CourseView.swift in Sources */,
			);
			runOnlyForDeploymentPostprocessing = 0;
		};
		4312F2072BDB6A3D006C4E4A /* Sources */ = {
			isa = PBXSourcesBuildPhase;
			buildActionMask = 2147483647;
			files = (
				4312F2102BDB6A3D006C4E4A /* HabitHustleTests.swift in Sources */,
			);
			runOnlyForDeploymentPostprocessing = 0;
		};
		4312F2112BDB6A3D006C4E4A /* Sources */ = {
			isa = PBXSourcesBuildPhase;
			buildActionMask = 2147483647;
			files = (
				4312F21C2BDB6A3D006C4E4A /* HabitHustleUITestsLaunchTests.swift in Sources */,
				4312F21A2BDB6A3D006C4E4A /* HabitHustleUITests.swift in Sources */,
			);
			runOnlyForDeploymentPostprocessing = 0;
		};
/* End PBXSourcesBuildPhase section */

/* Begin PBXTargetDependency section */
		4312F20D2BDB6A3D006C4E4A /* PBXTargetDependency */ = {
			isa = PBXTargetDependency;
			target = 4312F1FA2BDB6A3A006C4E4A /* HabitHustle */;
			targetProxy = 4312F20C2BDB6A3D006C4E4A /* PBXContainerItemProxy */;
		};
		4312F2172BDB6A3D006C4E4A /* PBXTargetDependency */ = {
			isa = PBXTargetDependency;
			target = 4312F1FA2BDB6A3A006C4E4A /* HabitHustle */;
			targetProxy = 4312F2162BDB6A3D006C4E4A /* PBXContainerItemProxy */;
		};
/* End PBXTargetDependency section */

/* Begin XCBuildConfiguration section */
		4312F21D2BDB6A3D006C4E4A /* Debug */ = {
			isa = XCBuildConfiguration;
			buildSettings = {
				ALWAYS_SEARCH_USER_PATHS = NO;
				ASSETCATALOG_COMPILER_GENERATE_SWIFT_ASSET_SYMBOL_EXTENSIONS = YES;
				CLANG_ANALYZER_NONNULL = YES;
				CLANG_ANALYZER_NUMBER_OBJECT_CONVERSION = YES_AGGRESSIVE;
				CLANG_CXX_LANGUAGE_STANDARD = "gnu++20";
				CLANG_ENABLE_MODULES = YES;
				CLANG_ENABLE_OBJC_ARC = YES;
				CLANG_ENABLE_OBJC_WEAK = YES;
				CLANG_WARN_BLOCK_CAPTURE_AUTORELEASING = YES;
				CLANG_WARN_BOOL_CONVERSION = YES;
				CLANG_WARN_COMMA = YES;
				CLANG_WARN_CONSTANT_CONVERSION = YES;
				CLANG_WARN_DEPRECATED_OBJC_IMPLEMENTATIONS = YES;
				CLANG_WARN_DIRECT_OBJC_ISA_USAGE = YES_ERROR;
				CLANG_WARN_DOCUMENTATION_COMMENTS = YES;
				CLANG_WARN_EMPTY_BODY = YES;
				CLANG_WARN_ENUM_CONVERSION = YES;
				CLANG_WARN_INFINITE_RECURSION = YES;
				CLANG_WARN_INT_CONVERSION = YES;
				CLANG_WARN_NON_LITERAL_NULL_CONVERSION = YES;
				CLANG_WARN_OBJC_IMPLICIT_RETAIN_SELF = YES;
				CLANG_WARN_OBJC_LITERAL_CONVERSION = YES;
				CLANG_WARN_OBJC_ROOT_CLASS = YES_ERROR;
				CLANG_WARN_QUOTED_INCLUDE_IN_FRAMEWORK_HEADER = YES;
				CLANG_WARN_RANGE_LOOP_ANALYSIS = YES;
				CLANG_WARN_STRICT_PROTOTYPES = YES;
				CLANG_WARN_SUSPICIOUS_MOVE = YES;
				CLANG_WARN_UNGUARDED_AVAILABILITY = YES_AGGRESSIVE;
				CLANG_WARN_UNREACHABLE_CODE = YES;
				CLANG_WARN__DUPLICATE_METHOD_MATCH = YES;
				COPY_PHASE_STRIP = NO;
				DEBUG_INFORMATION_FORMAT = dwarf;
				ENABLE_STRICT_OBJC_MSGSEND = YES;
				ENABLE_TESTABILITY = YES;
				ENABLE_USER_SCRIPT_SANDBOXING = NO;
				GCC_C_LANGUAGE_STANDARD = gnu17;
				GCC_DYNAMIC_NO_PIC = NO;
				GCC_NO_COMMON_BLOCKS = YES;
				GCC_OPTIMIZATION_LEVEL = 0;
				GCC_PREPROCESSOR_DEFINITIONS = (
					"DEBUG=1",
					"$(inherited)",
				);
				GCC_WARN_64_TO_32_BIT_CONVERSION = YES;
				GCC_WARN_ABOUT_RETURN_TYPE = YES_ERROR;
				GCC_WARN_UNDECLARED_SELECTOR = YES;
				GCC_WARN_UNINITIALIZED_AUTOS = YES_AGGRESSIVE;
				GCC_WARN_UNUSED_FUNCTION = YES;
				GCC_WARN_UNUSED_VARIABLE = YES;
				IPHONEOS_DEPLOYMENT_TARGET = 17.4;
				LOCALIZATION_PREFERS_STRING_CATALOGS = YES;
				MTL_ENABLE_DEBUG_INFO = INCLUDE_SOURCE;
				MTL_FAST_MATH = YES;
				ONLY_ACTIVE_ARCH = YES;
				SDKROOT = iphoneos;
				SWIFT_ACTIVE_COMPILATION_CONDITIONS = "DEBUG $(inherited)";
				SWIFT_OPTIMIZATION_LEVEL = "-Onone";
			};
			name = Debug;
		};
		4312F21E2BDB6A3D006C4E4A /* Release */ = {
			isa = XCBuildConfiguration;
			buildSettings = {
				ALWAYS_SEARCH_USER_PATHS = NO;
				ASSETCATALOG_COMPILER_GENERATE_SWIFT_ASSET_SYMBOL_EXTENSIONS = YES;
				CLANG_ANALYZER_NONNULL = YES;
				CLANG_ANALYZER_NUMBER_OBJECT_CONVERSION = YES_AGGRESSIVE;
				CLANG_CXX_LANGUAGE_STANDARD = "gnu++20";
				CLANG_ENABLE_MODULES = YES;
				CLANG_ENABLE_OBJC_ARC = YES;
				CLANG_ENABLE_OBJC_WEAK = YES;
				CLANG_WARN_BLOCK_CAPTURE_AUTORELEASING = YES;
				CLANG_WARN_BOOL_CONVERSION = YES;
				CLANG_WARN_COMMA = YES;
				CLANG_WARN_CONSTANT_CONVERSION = YES;
				CLANG_WARN_DEPRECATED_OBJC_IMPLEMENTATIONS = YES;
				CLANG_WARN_DIRECT_OBJC_ISA_USAGE = YES_ERROR;
				CLANG_WARN_DOCUMENTATION_COMMENTS = YES;
				CLANG_WARN_EMPTY_BODY = YES;
				CLANG_WARN_ENUM_CONVERSION = YES;
				CLANG_WARN_INFINITE_RECURSION = YES;
				CLANG_WARN_INT_CONVERSION = YES;
				CLANG_WARN_NON_LITERAL_NULL_CONVERSION = YES;
				CLANG_WARN_OBJC_IMPLICIT_RETAIN_SELF = YES;
				CLANG_WARN_OBJC_LITERAL_CONVERSION = YES;
				CLANG_WARN_OBJC_ROOT_CLASS = YES_ERROR;
				CLANG_WARN_QUOTED_INCLUDE_IN_FRAMEWORK_HEADER = YES;
				CLANG_WARN_RANGE_LOOP_ANALYSIS = YES;
				CLANG_WARN_STRICT_PROTOTYPES = YES;
				CLANG_WARN_SUSPICIOUS_MOVE = YES;
				CLANG_WARN_UNGUARDED_AVAILABILITY = YES_AGGRESSIVE;
				CLANG_WARN_UNREACHABLE_CODE = YES;
				CLANG_WARN__DUPLICATE_METHOD_MATCH = YES;
				COPY_PHASE_STRIP = NO;
				DEBUG_INFORMATION_FORMAT = "dwarf-with-dsym";
				ENABLE_NS_ASSERTIONS = NO;
				ENABLE_STRICT_OBJC_MSGSEND = YES;
				ENABLE_USER_SCRIPT_SANDBOXING = NO;
				GCC_C_LANGUAGE_STANDARD = gnu17;
				GCC_NO_COMMON_BLOCKS = YES;
				GCC_WARN_64_TO_32_BIT_CONVERSION = YES;
				GCC_WARN_ABOUT_RETURN_TYPE = YES_ERROR;
				GCC_WARN_UNDECLARED_SELECTOR = YES;
				GCC_WARN_UNINITIALIZED_AUTOS = YES_AGGRESSIVE;
				GCC_WARN_UNUSED_FUNCTION = YES;
				GCC_WARN_UNUSED_VARIABLE = YES;
				IPHONEOS_DEPLOYMENT_TARGET = 17.4;
				LOCALIZATION_PREFERS_STRING_CATALOGS = YES;
				MTL_ENABLE_DEBUG_INFO = NO;
				MTL_FAST_MATH = YES;
				SDKROOT = iphoneos;
				SWIFT_COMPILATION_MODE = wholemodule;
				VALIDATE_PRODUCT = YES;
			};
			name = Release;
		};
		4312F2202BDB6A3D006C4E4A /* Debug */ = {
			isa = XCBuildConfiguration;
			buildSettings = {
				ASSETCATALOG_COMPILER_APPICON_NAME = AppIcon;
				ASSETCATALOG_COMPILER_GLOBAL_ACCENT_COLOR_NAME = AccentColor;
				CODE_SIGN_STYLE = Automatic;
				CURRENT_PROJECT_VERSION = 1;
				DEVELOPMENT_ASSET_PATHS = "\"HabitHustle/Preview Content\"";
				DEVELOPMENT_TEAM = W9DRYDA329;
				ENABLE_PREVIEWS = YES;
				GENERATE_INFOPLIST_FILE = YES;
				INFOPLIST_KEY_UIApplicationSceneManifest_Generation = YES;
				INFOPLIST_KEY_UIApplicationSupportsIndirectInputEvents = YES;
				INFOPLIST_KEY_UILaunchScreen_Generation = YES;
				INFOPLIST_KEY_UILaunchStoryboardName = "";
				INFOPLIST_KEY_UIStatusBarStyle = "";
				INFOPLIST_KEY_UISupportedInterfaceOrientations = UIInterfaceOrientationPortrait;
				INFOPLIST_KEY_UISupportedInterfaceOrientations_iPad = "UIInterfaceOrientationLandscapeLeft UIInterfaceOrientationLandscapeRight UIInterfaceOrientationPortrait UIInterfaceOrientationPortraitUpsideDown";
				IPHONEOS_DEPLOYMENT_TARGET = 16.6;
				LD_RUNPATH_SEARCH_PATHS = (
					"$(inherited)",
					"@executable_path/Frameworks",
				);
				MARKETING_VERSION = 1.0;
				PRODUCT_BUNDLE_IDENTIFIER = com.markwongse.HabitHustle;
				PRODUCT_NAME = "$(TARGET_NAME)";
				SUPPORTED_PLATFORMS = "iphoneos iphonesimulator";
				SUPPORTS_MACCATALYST = NO;
				SUPPORTS_MAC_DESIGNED_FOR_IPHONE_IPAD = NO;
				SUPPORTS_XR_DESIGNED_FOR_IPHONE_IPAD = NO;
				SWIFT_EMIT_LOC_STRINGS = YES;
				SWIFT_VERSION = 5.0;
				TARGETED_DEVICE_FAMILY = 1;
			};
			name = Debug;
		};
		4312F2212BDB6A3D006C4E4A /* Release */ = {
			isa = XCBuildConfiguration;
			buildSettings = {
				ASSETCATALOG_COMPILER_APPICON_NAME = AppIcon;
				ASSETCATALOG_COMPILER_GLOBAL_ACCENT_COLOR_NAME = AccentColor;
				CODE_SIGN_STYLE = Automatic;
				CURRENT_PROJECT_VERSION = 1;
				DEVELOPMENT_ASSET_PATHS = "\"HabitHustle/Preview Content\"";
				DEVELOPMENT_TEAM = W9DRYDA329;
				ENABLE_PREVIEWS = YES;
				GENERATE_INFOPLIST_FILE = YES;
				INFOPLIST_KEY_UIApplicationSceneManifest_Generation = YES;
				INFOPLIST_KEY_UIApplicationSupportsIndirectInputEvents = YES;
				INFOPLIST_KEY_UILaunchScreen_Generation = YES;
				INFOPLIST_KEY_UILaunchStoryboardName = "";
				INFOPLIST_KEY_UIStatusBarStyle = "";
				INFOPLIST_KEY_UISupportedInterfaceOrientations = UIInterfaceOrientationPortrait;
				INFOPLIST_KEY_UISupportedInterfaceOrientations_iPad = "UIInterfaceOrientationLandscapeLeft UIInterfaceOrientationLandscapeRight UIInterfaceOrientationPortrait UIInterfaceOrientationPortraitUpsideDown";
				IPHONEOS_DEPLOYMENT_TARGET = 16.6;
				LD_RUNPATH_SEARCH_PATHS = (
					"$(inherited)",
					"@executable_path/Frameworks",
				);
				MARKETING_VERSION = 1.0;
				PRODUCT_BUNDLE_IDENTIFIER = com.markwongse.HabitHustle;
				PRODUCT_NAME = "$(TARGET_NAME)";
				SUPPORTED_PLATFORMS = "iphoneos iphonesimulator";
				SUPPORTS_MACCATALYST = NO;
				SUPPORTS_MAC_DESIGNED_FOR_IPHONE_IPAD = NO;
				SUPPORTS_XR_DESIGNED_FOR_IPHONE_IPAD = NO;
				SWIFT_EMIT_LOC_STRINGS = YES;
				SWIFT_VERSION = 5.0;
				TARGETED_DEVICE_FAMILY = 1;
			};
			name = Release;
		};
		4312F2232BDB6A3D006C4E4A /* Debug */ = {
			isa = XCBuildConfiguration;
			buildSettings = {
				ALWAYS_EMBED_SWIFT_STANDARD_LIBRARIES = YES;
				BUNDLE_LOADER = "$(TEST_HOST)";
				CODE_SIGN_STYLE = Automatic;
				CURRENT_PROJECT_VERSION = 1;
				DEVELOPMENT_TEAM = W9DRYDA329;
				GENERATE_INFOPLIST_FILE = YES;
				IPHONEOS_DEPLOYMENT_TARGET = 17.4;
				MARKETING_VERSION = 1.0;
				PRODUCT_BUNDLE_IDENTIFIER = com.markwongse.HabitHustleTests;
				PRODUCT_NAME = "$(TARGET_NAME)";
				SWIFT_EMIT_LOC_STRINGS = NO;
				SWIFT_VERSION = 5.0;
				TARGETED_DEVICE_FAMILY = "1,2";
				TEST_HOST = "$(BUILT_PRODUCTS_DIR)/HabitHustle.app/$(BUNDLE_EXECUTABLE_FOLDER_PATH)/HabitHustle";
			};
			name = Debug;
		};
		4312F2242BDB6A3D006C4E4A /* Release */ = {
			isa = XCBuildConfiguration;
			buildSettings = {
				ALWAYS_EMBED_SWIFT_STANDARD_LIBRARIES = YES;
				BUNDLE_LOADER = "$(TEST_HOST)";
				CODE_SIGN_STYLE = Automatic;
				CURRENT_PROJECT_VERSION = 1;
				DEVELOPMENT_TEAM = W9DRYDA329;
				GENERATE_INFOPLIST_FILE = YES;
				IPHONEOS_DEPLOYMENT_TARGET = 17.4;
				MARKETING_VERSION = 1.0;
				PRODUCT_BUNDLE_IDENTIFIER = com.markwongse.HabitHustleTests;
				PRODUCT_NAME = "$(TARGET_NAME)";
				SWIFT_EMIT_LOC_STRINGS = NO;
				SWIFT_VERSION = 5.0;
				TARGETED_DEVICE_FAMILY = "1,2";
				TEST_HOST = "$(BUILT_PRODUCTS_DIR)/HabitHustle.app/$(BUNDLE_EXECUTABLE_FOLDER_PATH)/HabitHustle";
			};
			name = Release;
		};
		4312F2262BDB6A3D006C4E4A /* Debug */ = {
			isa = XCBuildConfiguration;
			buildSettings = {
				ALWAYS_EMBED_SWIFT_STANDARD_LIBRARIES = YES;
				CODE_SIGN_STYLE = Automatic;
				CURRENT_PROJECT_VERSION = 1;
				DEVELOPMENT_TEAM = W9DRYDA329;
				GENERATE_INFOPLIST_FILE = YES;
				MARKETING_VERSION = 1.0;
				PRODUCT_BUNDLE_IDENTIFIER = com.markwongse.HabitHustleUITests;
				PRODUCT_NAME = "$(TARGET_NAME)";
				SWIFT_EMIT_LOC_STRINGS = NO;
				SWIFT_VERSION = 5.0;
				TARGETED_DEVICE_FAMILY = "1,2";
				TEST_TARGET_NAME = HabitHustle;
			};
			name = Debug;
		};
		4312F2272BDB6A3D006C4E4A /* Release */ = {
			isa = XCBuildConfiguration;
			buildSettings = {
				ALWAYS_EMBED_SWIFT_STANDARD_LIBRARIES = YES;
				CODE_SIGN_STYLE = Automatic;
				CURRENT_PROJECT_VERSION = 1;
				DEVELOPMENT_TEAM = W9DRYDA329;
				GENERATE_INFOPLIST_FILE = YES;
				MARKETING_VERSION = 1.0;
				PRODUCT_BUNDLE_IDENTIFIER = com.markwongse.HabitHustleUITests;
				PRODUCT_NAME = "$(TARGET_NAME)";
				SWIFT_EMIT_LOC_STRINGS = NO;
				SWIFT_VERSION = 5.0;
				TARGETED_DEVICE_FAMILY = "1,2";
				TEST_TARGET_NAME = HabitHustle;
			};
			name = Release;
		};
/* End XCBuildConfiguration section */

/* Begin XCConfigurationList section */
		4312F1F62BDB6A3A006C4E4A /* Build configuration list for PBXProject "HabitHustle" */ = {
			isa = XCConfigurationList;
			buildConfigurations = (
				4312F21D2BDB6A3D006C4E4A /* Debug */,
				4312F21E2BDB6A3D006C4E4A /* Release */,
			);
			defaultConfigurationIsVisible = 0;
			defaultConfigurationName = Release;
		};
		4312F21F2BDB6A3D006C4E4A /* Build configuration list for PBXNativeTarget "HabitHustle" */ = {
			isa = XCConfigurationList;
			buildConfigurations = (
				4312F2202BDB6A3D006C4E4A /* Debug */,
				4312F2212BDB6A3D006C4E4A /* Release */,
			);
			defaultConfigurationIsVisible = 0;
			defaultConfigurationName = Release;
		};
		4312F2222BDB6A3D006C4E4A /* Build configuration list for PBXNativeTarget "HabitHustleTests" */ = {
			isa = XCConfigurationList;
			buildConfigurations = (
				4312F2232BDB6A3D006C4E4A /* Debug */,
				4312F2242BDB6A3D006C4E4A /* Release */,
			);
			defaultConfigurationIsVisible = 0;
			defaultConfigurationName = Release;
		};
		4312F2252BDB6A3D006C4E4A /* Build configuration list for PBXNativeTarget "HabitHustleUITests" */ = {
			isa = XCConfigurationList;
			buildConfigurations = (
				4312F2262BDB6A3D006C4E4A /* Debug */,
				4312F2272BDB6A3D006C4E4A /* Release */,
			);
			defaultConfigurationIsVisible = 0;
			defaultConfigurationName = Release;
		};
/* End XCConfigurationList section */
	};
	rootObject = 4312F1F32BDB6A3A006C4E4A /* Project object */;
}
